
Microsoft Visual Studio Solution File, Format Version 12.00
# Visual Studio Version 16
VisualStudioVersion = 16.0.29806.167
MinimumVisualStudioVersion = 10.0.40219.1
Project("{FAE04EC0-301F-11D3-BF4B-00C04F79EFBC}") = "CryptoSystem", "CryptoSystem\CryptoSystem.csproj", "{6632A915-DB9A-44DF-8B3F-5977DD9749A5}"
EndProject
Global
	GlobalSection(SolutionConfigurationPlatforms) = preSolution
		Debug|Any CPU = Debug|Any CPU
		Release|Any CPU = Release|Any CPU
	EndGlobalSection
	GlobalSection(ProjectConfigurationPlatforms) = postSolution
		{6632A915-DB9A-44DF-8B3F-5977DD9749A5}.Debug|Any CPU.ActiveCfg = Debug|Any CPU
		{6632A915-DB9A-44DF-8B3F-5977DD9749A5}.Debug|Any CPU.Build.0 = Debug|Any CPU
		{6632A915-DB9A-44DF-8B3F-5977DD9749A5}.Release|Any CPU.ActiveCfg = Release|Any CPU
		{6632A915-DB9A-44DF-8B3F-5977DD9749A5}.Release|Any CPU.Build.0 = Release|Any CPU
	EndGlobalSection
	GlobalSection(SolutionProperties) = preSolution
		HideSolutionNode = FALSE
	EndGlobalSection
	GlobalSection(ExtensibilityGlobals) = postSolution
		SolutionGuid = {7E49C983-7CAA-4588-92AC-7C3AA0058080}
	EndGlobalSection
EndGlobal
